
Microsoft Visual Studio Solution File, Format Version 12.00
# Visual Studio Version 17
VisualStudioVersion = 17.2.32602.215
MinimumVisualStudioVersion = 10.0.40219.1
Project("{9A19103F-16F7-4668-BE54-9A1E7A4F7556}") = "Kampintro", "Kampintro\Kampintro.csproj", "{5965AAC6-CAF8-41C6-884B-73C44E0DFBB3}"
EndProject
Project("{9A19103F-16F7-4668-BE54-9A1E7A4F7556}") = "donguler", "donguler\donguler.csproj", "{32C131ED-0AD9-4CD2-ABC5-ED3CAA1BCC3B}"
EndProject
Project("{FAE04EC0-301F-11D3-BF4B-00C04F79EFBC}") = "Metotlar", "Metotlar\Metotlar.csproj", "{842E046D-7E7A-48DB-811A-A88BCE751FC3}"
EndProject
Project("{FAE04EC0-301F-11D3-BF4B-00C04F79EFBC}") = "Matematik", "Matematik\Matematik.csproj", "{1E68FF8C-B172-45A0-B0CB-315D6947D8BA}"
EndProject
Project("{FAE04EC0-301F-11D3-BF4B-00C04F79EFBC}") = "DegerVeReferansTipler", "DegerVeReferansTipler\DegerVeReferansTipler.csproj", "{3C18971A-F343-414F-8757-AAF9258B1AB0}"
EndProject
Global
	GlobalSection(SolutionConfigurationPlatforms) = preSolution
		Debug|Any CPU = Debug|Any CPU
		Release|Any CPU = Release|Any CPU
	EndGlobalSection
	GlobalSection(ProjectConfigurationPlatforms) = postSolution
		{5965AAC6-CAF8-41C6-884B-73C44E0DFBB3}.Debug|Any CPU.ActiveCfg = Debug|Any CPU
		{5965AAC6-CAF8-41C6-884B-73C44E0DFBB3}.Debug|Any CPU.Build.0 = Debug|Any CPU
		{5965AAC6-CAF8-41C6-884B-73C44E0DFBB3}.Release|Any CPU.ActiveCfg = Release|Any CPU
		{5965AAC6-CAF8-41C6-884B-73C44E0DFBB3}.Release|Any CPU.Build.0 = Release|Any CPU
		{32C131ED-0AD9-4CD2-ABC5-ED3CAA1BCC3B}.Debug|Any CPU.ActiveCfg = Debug|Any CPU
		{32C131ED-0AD9-4CD2-ABC5-ED3CAA1BCC3B}.Debug|Any CPU.Build.0 = Debug|Any CPU
		{32C131ED-0AD9-4CD2-ABC5-ED3CAA1BCC3B}.Release|Any CPU.ActiveCfg = Release|Any CPU
		{32C131ED-0AD9-4CD2-ABC5-ED3CAA1BCC3B}.Release|Any CPU.Build.0 = Release|Any CPU
		{842E046D-7E7A-48DB-811A-A88BCE751FC3}.Debug|Any CPU.ActiveCfg = Debug|Any CPU
		{842E046D-7E7A-48DB-811A-A88BCE751FC3}.Debug|Any CPU.Build.0 = Debug|Any CPU
		{842E046D-7E7A-48DB-811A-A88BCE751FC3}.Release|Any CPU.ActiveCfg = Release|Any CPU
		{842E046D-7E7A-48DB-811A-A88BCE751FC3}.Release|Any CPU.Build.0 = Release|Any CPU
		{1E68FF8C-B172-45A0-B0CB-315D6947D8BA}.Debug|Any CPU.ActiveCfg = Debug|Any CPU
		{1E68FF8C-B172-45A0-B0CB-315D6947D8BA}.Debug|Any CPU.Build.0 = Debug|Any CPU
		{1E68FF8C-B172-45A0-B0CB-315D6947D8BA}.Release|Any CPU.ActiveCfg = Release|Any CPU
		{1E68FF8C-B172-45A0-B0CB-315D6947D8BA}.Release|Any CPU.Build.0 = Release|Any CPU
		{3C18971A-F343-414F-8757-AAF9258B1AB0}.Debug|Any CPU.ActiveCfg = Debug|Any CPU
		{3C18971A-F343-414F-8757-AAF9258B1AB0}.Debug|Any CPU.Build.0 = Debug|Any CPU
		{3C18971A-F343-414F-8757-AAF9258B1AB0}.Release|Any CPU.ActiveCfg = Release|Any CPU
		{3C18971A-F343-414F-8757-AAF9258B1AB0}.Release|Any CPU.Build.0 = Release|Any CPU
	EndGlobalSection
	GlobalSection(SolutionProperties) = preSolution
		HideSolutionNode = FALSE
	EndGlobalSection
	GlobalSection(ExtensibilityGlobals) = postSolution
		SolutionGuid = {607EBE8F-AD1D-495D-8D22-C864F5586E9F}
	EndGlobalSection
EndGlobal
